
Microsoft Visual Studio Solution File, Format Version 12.00
# Visual Studio 15
VisualStudioVersion = 15.0.28307.136
MinimumVisualStudioVersion = 10.0.40219.1
Project("{FAE04EC0-301F-11D3-BF4B-00C04F79EFBC}") = "IdentityServerService", "src\IdentityServerService\IdentityServerService.csproj", "{C72898B1-6971-4BC1-964E-2369A0DBC334}"
EndProject
Project("{FAE04EC0-301F-11D3-BF4B-00C04F79EFBC}") = "WeatherApi", "src\WeatherApi\WeatherApi.csproj", "{07457405-6708-4A81-B43C-39EFA4F8FCB7}"
EndProject
Project("{FAE04EC0-301F-11D3-BF4B-00C04F79EFBC}") = "WebClient", "src\WebClient\WebClient.csproj", "{D91AB7D9-9496-45F0-B973-F464D43D62A9}"
EndProject
Project("{FAE04EC0-301F-11D3-BF4B-00C04F79EFBC}") = "WeatherApi.Tests", "test\WeatherApi.Tests\WeatherApi.Tests.csproj", "{09903E19-F08F-4CA5-AA76-59A48FD499A0}"
EndProject
Global
	GlobalSection(SolutionConfigurationPlatforms) = preSolution
		Debug|Any CPU = Debug|Any CPU
		Release|Any CPU = Release|Any CPU
	EndGlobalSection
	GlobalSection(ProjectConfigurationPlatforms) = postSolution
		{C72898B1-6971-4BC1-964E-2369A0DBC334}.Debug|Any CPU.ActiveCfg = Debug|Any CPU
		{C72898B1-6971-4BC1-964E-2369A0DBC334}.Debug|Any CPU.Build.0 = Debug|Any CPU
		{C72898B1-6971-4BC1-964E-2369A0DBC334}.Release|Any CPU.ActiveCfg = Release|Any CPU
		{C72898B1-6971-4BC1-964E-2369A0DBC334}.Release|Any CPU.Build.0 = Release|Any CPU
		{07457405-6708-4A81-B43C-39EFA4F8FCB7}.Debug|Any CPU.ActiveCfg = Debug|Any CPU
		{07457405-6708-4A81-B43C-39EFA4F8FCB7}.Debug|Any CPU.Build.0 = Debug|Any CPU
		{07457405-6708-4A81-B43C-39EFA4F8FCB7}.Release|Any CPU.ActiveCfg = Release|Any CPU
		{07457405-6708-4A81-B43C-39EFA4F8FCB7}.Release|Any CPU.Build.0 = Release|Any CPU
		{D91AB7D9-9496-45F0-B973-F464D43D62A9}.Debug|Any CPU.ActiveCfg = Debug|Any CPU
		{D91AB7D9-9496-45F0-B973-F464D43D62A9}.Debug|Any CPU.Build.0 = Debug|Any CPU
		{D91AB7D9-9496-45F0-B973-F464D43D62A9}.Release|Any CPU.ActiveCfg = Release|Any CPU
		{D91AB7D9-9496-45F0-B973-F464D43D62A9}.Release|Any CPU.Build.0 = Release|Any CPU
		{09903E19-F08F-4CA5-AA76-59A48FD499A0}.Debug|Any CPU.ActiveCfg = Debug|Any CPU
		{09903E19-F08F-4CA5-AA76-59A48FD499A0}.Debug|Any CPU.Build.0 = Debug|Any CPU
		{09903E19-F08F-4CA5-AA76-59A48FD499A0}.Release|Any CPU.ActiveCfg = Release|Any CPU
		{09903E19-F08F-4CA5-AA76-59A48FD499A0}.Release|Any CPU.Build.0 = Release|Any CPU
	EndGlobalSection
	GlobalSection(SolutionProperties) = preSolution
		HideSolutionNode = FALSE
	EndGlobalSection
	GlobalSection(ExtensibilityGlobals) = postSolution
		SolutionGuid = {7D147378-C62D-48B9-895A-7D955D7D4EB9}
	EndGlobalSection
	GlobalSection(NestedProjects) = preSolution
	EndGlobalSection
EndGlobal
